// !$*UTF8*$!
{
	archiveVersion = 1;
	classes = {
	};
	objectVersion = 50;
	objects = {

/* Begin PBXBuildFile section */
		85FDE0F423B4D15200F1B10F /* AppDelegate.swift in Sources */ = {isa = PBXBuildFile; fileRef = 85FDE0F323B4D15200F1B10F /* AppDelegate.swift */; };
		85FDE0F623B4D15200F1B10F /* ViewController.swift in Sources */ = {isa = PBXBuildFile; fileRef = 85FDE0F523B4D15200F1B10F /* ViewController.swift */; };
		85FDE0F923B4D15200F1B10F /* Main.storyboard in Resources */ = {isa = PBXBuildFile; fileRef = 85FDE0F723B4D15200F1B10F /* Main.storyboard */; };
		85FDE0FC23B4D15200F1B10F /* kader_apps.xcdatamodeld in Sources */ = {isa = PBXBuildFile; fileRef = 85FDE0FA23B4D15200F1B10F /* kader_apps.xcdatamodeld */; };
		85FDE0FE23B4D15700F1B10F /* Assets.xcassets in Resources */ = {isa = PBXBuildFile; fileRef = 85FDE0FD23B4D15700F1B10F /* Assets.xcassets */; };
		85FDE10123B4D15700F1B10F /* LaunchScreen.storyboard in Resources */ = {isa = PBXBuildFile; fileRef = 85FDE0FF23B4D15700F1B10F /* LaunchScreen.storyboard */; };
		85FDE10C23B4D15700F1B10F /* kader_appsTests.swift in Sources */ = {isa = PBXBuildFile; fileRef = 85FDE10B23B4D15700F1B10F /* kader_appsTests.swift */; };
		85FDE11723B4D15700F1B10F /* kader_appsUITests.swift in Sources */ = {isa = PBXBuildFile; fileRef = 85FDE11623B4D15700F1B10F /* kader_appsUITests.swift */; };
/* End PBXBuildFile section */

/* Begin PBXContainerItemProxy section */
		85FDE10823B4D15700F1B10F /* PBXContainerItemProxy */ = {
			isa = PBXContainerItemProxy;
			containerPortal = 85FDE0E823B4D15200F1B10F /* Project object */;
			proxyType = 1;
			remoteGlobalIDString = 85FDE0EF23B4D15200F1B10F;
			remoteInfo = kader.apps;
		};
		85FDE11323B4D15700F1B10F /* PBXContainerItemProxy */ = {
			isa = PBXContainerItemProxy;
			containerPortal = 85FDE0E823B4D15200F1B10F /* Project object */;
			proxyType = 1;
			remoteGlobalIDString = 85FDE0EF23B4D15200F1B10F;
			remoteInfo = kader.apps;
		};
/* End PBXContainerItemProxy section */

/* Begin PBXFileReference section */
		85FDE0F023B4D15200F1B10F /* kader.apps.app */ = {isa = PBXFileReference; explicitFileType = wrapper.application; includeInIndex = 0; path = kader.apps.app; sourceTree = BUILT_PRODUCTS_DIR; };
		85FDE0F323B4D15200F1B10F /* AppDelegate.swift */ = {isa = PBXFileReference; lastKnownFileType = sourcecode.swift; path = AppDelegate.swift; sourceTree = "<group>"; };
		85FDE0F523B4D15200F1B10F /* ViewController.swift */ = {isa = PBXFileReference; lastKnownFileType = sourcecode.swift; path = ViewController.swift; sourceTree = "<group>"; };
		85FDE0F823B4D15200F1B10F /* Base */ = {isa = PBXFileReference; lastKnownFileType = file.storyboard; name = Base; path = Base.lproj/Main.storyboard; sourceTree = "<group>"; };
		85FDE0FB23B4D15200F1B10F /* kader_apps.xcdatamodel */ = {isa = PBXFileReference; lastKnownFileType = wrapper.xcdatamodel; path = kader_apps.xcdatamodel; sourceTree = "<group>"; };
		85FDE0FD23B4D15700F1B10F /* Assets.xcassets */ = {isa = PBXFileReference; lastKnownFileType = folder.assetcatalog; path = Assets.xcassets; sourceTree = "<group>"; };
		85FDE10023B4D15700F1B10F /* Base */ = {isa = PBXFileReference; lastKnownFileType = file.storyboard; name = Base; path = Base.lproj/LaunchScreen.storyboard; sourceTree = "<group>"; };
		85FDE10223B4D15700F1B10F /* Info.plist */ = {isa = PBXFileReference; lastKnownFileType = text.plist.xml; path = Info.plist; sourceTree = "<group>"; };
		85FDE10723B4D15700F1B10F /* kader.appsTests.xctest */ = {isa = PBXFileReference; explicitFileType = wrapper.cfbundle; includeInIndex = 0; path = kader.appsTests.xctest; sourceTree = BUILT_PRODUCTS_DIR; };
		85FDE10B23B4D15700F1B10F /* kader_appsTests.swift */ = {isa = PBXFileReference; lastKnownFileType = sourcecode.swift; path = kader_appsTests.swift; sourceTree = "<group>"; };
		85FDE10D23B4D15700F1B10F /* Info.plist */ = {isa = PBXFileReference; lastKnownFileType = text.plist.xml; path = Info.plist; sourceTree = "<group>"; };
		85FDE11223B4D15700F1B10F /* kader.appsUITests.xctest */ = {isa = PBXFileReference; explicitFileType = wrapper.cfbundle; includeInIndex = 0; path = kader.appsUITests.xctest; sourceTree = BUILT_PRODUCTS_DIR; };
		85FDE11623B4D15700F1B10F /* kader_appsUITests.swift */ = {isa = PBXFileReference; lastKnownFileType = sourcecode.swift; path = kader_appsUITests.swift; sourceTree = "<group>"; };
		85FDE11823B4D15700F1B10F /* Info.plist */ = {isa = PBXFileReference; lastKnownFileType = text.plist.xml; path = Info.plist; sourceTree = "<group>"; };
/* End PBXFileReference section */

/* Begin PBXFrameworksBuildPhase section */
		85FDE0ED23B4D15200F1B10F /* Frameworks */ = {
			isa = PBXFrameworksBuildPhase;
			buildActionMask = 2147483647;
			files = (
			);
			runOnlyForDeploymentPostprocessing = 0;
		};
		85FDE10423B4D15700F1B10F /* Frameworks */ = {
			isa = PBXFrameworksBuildPhase;
			buildActionMask = 2147483647;
			files = (
			);
			runOnlyForDeploymentPostprocessing = 0;
		};
		85FDE10F23B4D15700F1B10F /* Frameworks */ = {
			isa = PBXFrameworksBuildPhase;
			buildActionMask = 2147483647;
			files = (
			);
			runOnlyForDeploymentPostprocessing = 0;
		};
/* End PBXFrameworksBuildPhase section */

/* Begin PBXGroup section */
		85FDE0E723B4D15200F1B10F = {
			isa = PBXGroup;
			children = (
				85FDE0F223B4D15200F1B10F /* kader.apps */,
				85FDE10A23B4D15700F1B10F /* kader.appsTests */,
				85FDE11523B4D15700F1B10F /* kader.appsUITests */,
				85FDE0F123B4D15200F1B10F /* Products */,
			);
			sourceTree = "<group>";
		};
		85FDE0F123B4D15200F1B10F /* Products */ = {
			isa = PBXGroup;
			children = (
				85FDE0F023B4D15200F1B10F /* kader.apps.app */,
				85FDE10723B4D15700F1B10F /* kader.appsTests.xctest */,
				85FDE11223B4D15700F1B10F /* kader.appsUITests.xctest */,
			);
			name = Products;
			sourceTree = "<group>";
		};
		85FDE0F223B4D15200F1B10F /* kader.apps */ = {
			isa = PBXGroup;
			children = (
				85FDE0F323B4D15200F1B10F /* AppDelegate.swift */,
				85FDE0F523B4D15200F1B10F /* ViewController.swift */,
				85FDE0F723B4D15200F1B10F /* Main.storyboard */,
				85FDE0FD23B4D15700F1B10F /* Assets.xcassets */,
				85FDE0FF23B4D15700F1B10F /* LaunchScreen.storyboard */,
				85FDE10223B4D15700F1B10F /* Info.plist */,
				85FDE0FA23B4D15200F1B10F /* kader_apps.xcdatamodeld */,
			);
			path = kader.apps;
			sourceTree = "<group>";
		};
		85FDE10A23B4D15700F1B10F /* kader.appsTests */ = {
			isa = PBXGroup;
			children = (
				85FDE10B23B4D15700F1B10F /* kader_appsTests.swift */,
				85FDE10D23B4D15700F1B10F /* Info.plist */,
			);
			path = kader.appsTests;
			sourceTree = "<group>";
		};
		85FDE11523B4D15700F1B10F /* kader.appsUITests */ = {
			isa = PBXGroup;
			children = (
				85FDE11623B4D15700F1B10F /* kader_appsUITests.swift */,
				85FDE11823B4D15700F1B10F /* Info.plist */,
			);
			path = kader.appsUITests;
			sourceTree = "<group>";
		};
/* End PBXGroup section */

/* Begin PBXNativeTarget section */
		85FDE0EF23B4D15200F1B10F /* kader.apps */ = {
			isa = PBXNativeTarget;
			buildConfigurationList = 85FDE11B23B4D15700F1B10F /* Build configuration list for PBXNativeTarget "kader.apps" */;
			buildPhases = (
				85FDE0EC23B4D15200F1B10F /* Sources */,
				85FDE0ED23B4D15200F1B10F /* Frameworks */,
				85FDE0EE23B4D15200F1B10F /* Resources */,
			);
			buildRules = (
			);
			dependencies = (
			);
			name = kader.apps;
			productName = kader.apps;
			productReference = 85FDE0F023B4D15200F1B10F /* kader.apps.app */;
			productType = "com.apple.product-type.application";
		};
		85FDE10623B4D15700F1B10F /* kader.appsTests */ = {
			isa = PBXNativeTarget;
			buildConfigurationList = 85FDE11E23B4D15700F1B10F /* Build configuration list for PBXNativeTarget "kader.appsTests" */;
			buildPhases = (
				85FDE10323B4D15700F1B10F /* Sources */,
				85FDE10423B4D15700F1B10F /* Frameworks */,
				85FDE10523B4D15700F1B10F /* Resources */,
			);
			buildRules = (
			);
			dependencies = (
				85FDE10923B4D15700F1B10F /* PBXTargetDependency */,
			);
			name = kader.appsTests;
			productName = kader.appsTests;
			productReference = 85FDE10723B4D15700F1B10F /* kader.appsTests.xctest */;
			productType = "com.apple.product-type.bundle.unit-test";
		};
		85FDE11123B4D15700F1B10F /* kader.appsUITests */ = {
			isa = PBXNativeTarget;
			buildConfigurationList = 85FDE12123B4D15700F1B10F /* Build configuration list for PBXNativeTarget "kader.appsUITests" */;
			buildPhases = (
				85FDE10E23B4D15700F1B10F /* Sources */,
				85FDE10F23B4D15700F1B10F /* Frameworks */,
				85FDE11023B4D15700F1B10F /* Resources */,
			);
			buildRules = (
			);
			dependencies = (
				85FDE11423B4D15700F1B10F /* PBXTargetDependency */,
			);
			name = kader.appsUITests;
			productName = kader.appsUITests;
			productReference = 85FDE11223B4D15700F1B10F /* kader.appsUITests.xctest */;
			productType = "com.apple.product-type.bundle.ui-testing";
		};
/* End PBXNativeTarget section */

/* Begin PBXProject section */
		85FDE0E823B4D15200F1B10F /* Project object */ = {
			isa = PBXProject;
			attributes = {
				LastSwiftUpdateCheck = 1000;
				LastUpgradeCheck = 1000;
				ORGANIZATIONNAME = "U.M. Hamidul islam";
				TargetAttributes = {
					85FDE0EF23B4D15200F1B10F = {
						CreatedOnToolsVersion = 10.0;
					};
					85FDE10623B4D15700F1B10F = {
						CreatedOnToolsVersion = 10.0;
						TestTargetID = 85FDE0EF23B4D15200F1B10F;
					};
					85FDE11123B4D15700F1B10F = {
						CreatedOnToolsVersion = 10.0;
						TestTargetID = 85FDE0EF23B4D15200F1B10F;
					};
				};
			};
			buildConfigurationList = 85FDE0EB23B4D15200F1B10F /* Build configuration list for PBXProject "kader.apps" */;
			compatibilityVersion = "Xcode 9.3";
			developmentRegion = en;
			hasScannedForEncodings = 0;
			knownRegions = (
				en,
				Base,
			);
			mainGroup = 85FDE0E723B4D15200F1B10F;
			productRefGroup = 85FDE0F123B4D15200F1B10F /* Products */;
			projectDirPath = "";
			projectRoot = "";
			targets = (
				85FDE0EF23B4D15200F1B10F /* kader.apps */,
				85FDE10623B4D15700F1B10F /* kader.appsTests */,
				85FDE11123B4D15700F1B10F /* kader.appsUITests */,
			);
		};
/* End PBXProject section */

/* Begin PBXResourcesBuildPhase section */
		85FDE0EE23B4D15200F1B10F /* Resources */ = {
			isa = PBXResourcesBuildPhase;
			buildActionMask = 2147483647;
			files = (
				85FDE10123B4D15700F1B10F /* LaunchScreen.storyboard in Resources */,
				85FDE0FE23B4D15700F1B10F /* Assets.xcassets in Resources */,
				85FDE0F923B4D15200F1B10F /* Main.storyboard in Resources */,
			);
			runOnlyForDeploymentPostprocessing = 0;
		};
		85FDE10523B4D15700F1B10F /* Resources */ = {
			isa = PBXResourcesBuildPhase;
			buildActionMask = 2147483647;
			files = (
			);
			runOnlyForDeploymentPostprocessing = 0;
		};
		85FDE11023B4D15700F1B10F /* Resources */ = {
			isa = PBXResourcesBuildPhase;
			buildActionMask = 2147483647;
			files = (
			);
			runOnlyForDeploymentPostprocessing = 0;
		};
/* End PBXResourcesBuildPhase section */

/* Begin PBXSourcesBuildPhase section */
		85FDE0EC23B4D15200F1B10F /* Sources */ = {
			isa = PBXSourcesBuildPhase;
			buildActionMask = 2147483647;
			files = (
				85FDE0F623B4D15200F1B10F /* ViewController.swift in Sources */,
				85FDE0FC23B4D15200F1B10F /* kader_apps.xcdatamodeld in Sources */,
				85FDE0F423B4D15200F1B10F /* AppDelegate.swift in Sources */,
			);
			runOnlyForDeploymentPostprocessing = 0;
		};
		85FDE10323B4D15700F1B10F /* Sources */ = {
			isa = PBXSourcesBuildPhase;
			buildActionMask = 2147483647;
			files = (
				85FDE10C23B4D15700F1B10F /* kader_appsTests.swift in Sources */,
			);
			runOnlyForDeploymentPostprocessing = 0;
		};
		85FDE10E23B4D15700F1B10F /* Sources */ = {
			isa = PBXSourcesBuildPhase;
			buildActionMask = 2147483647;
			files = (
				85FDE11723B4D15700F1B10F /* kader_appsUITests.swift in Sources */,
			);
			runOnlyForDeploymentPostprocessing = 0;
		};
/* End PBXSourcesBuildPhase section */

/* Begin PBXTargetDependency section */
		85FDE10923B4D15700F1B10F /* PBXTargetDependency */ = {
			isa = PBXTargetDependency;
			target = 85FDE0EF23B4D15200F1B10F /* kader.apps */;
			targetProxy = 85FDE10823B4D15700F1B10F /* PBXContainerItemProxy */;
		};
		85FDE11423B4D15700F1B10F /* PBXTargetDependency */ = {
			isa = PBXTargetDependency;
			target = 85FDE0EF23B4D15200F1B10F /* kader.apps */;
			targetProxy = 85FDE11323B4D15700F1B10F /* PBXContainerItemProxy */;
		};
/* End PBXTargetDependency section */

/* Begin PBXVariantGroup section */
		85FDE0F723B4D15200F1B10F /* Main.storyboard */ = {
			isa = PBXVariantGroup;
			children = (
				85FDE0F823B4D15200F1B10F /* Base */,
			);
			name = Main.storyboard;
			sourceTree = "<group>";
		};
		85FDE0FF23B4D15700F1B10F /* LaunchScreen.storyboard */ = {
			isa = PBXVariantGroup;
			children = (
				85FDE10023B4D15700F1B10F /* Base */,
			);
			name = LaunchScreen.storyboard;
			sourceTree = "<group>";
		};
/* End PBXVariantGroup section */

/* Begin XCBuildConfiguration section */
		85FDE11923B4D15700F1B10F /* Debug */ = {
			isa = XCBuildConfiguration;
			buildSettings = {
				ALWAYS_SEARCH_USER_PATHS = NO;
				CLANG_ANALYZER_NONNULL = YES;
				CLANG_ANALYZER_NUMBER_OBJECT_CONVERSION = YES_AGGRESSIVE;
				CLANG_CXX_LANGUAGE_STANDARD = "gnu++14";
				CLANG_CXX_LIBRARY = "libc++";
				CLANG_ENABLE_MODULES = YES;
				CLANG_ENABLE_OBJC_ARC = YES;
				CLANG_ENABLE_OBJC_WEAK = YES;
				CLANG_WARN_BLOCK_CAPTURE_AUTORELEASING = YES;
				CLANG_WARN_BOOL_CONVERSION = YES;
				CLANG_WARN_COMMA = YES;
				CLANG_WARN_CONSTANT_CONVERSION = YES;
				CLANG_WARN_DEPRECATED_OBJC_IMPLEMENTATIONS = YES;
				CLANG_WARN_DIRECT_OBJC_ISA_USAGE = YES_ERROR;
				CLANG_WARN_DOCUMENTATION_COMMENTS = YES;
				CLANG_WARN_EMPTY_BODY = YES;
				CLANG_WARN_ENUM_CONVERSION = YES;
				CLANG_WARN_INFINITE_RECURSION = YES;
				CLANG_WARN_INT_CONVERSION = YES;
				CLANG_WARN_NON_LITERAL_NULL_CONVERSION = YES;
				CLANG_WARN_OBJC_IMPLICIT_RETAIN_SELF = YES;
				CLANG_WARN_OBJC_LITERAL_CONVERSION = YES;
				CLANG_WARN_OBJC_ROOT_CLASS = YES_ERROR;
				CLANG_WARN_RANGE_LOOP_ANALYSIS = YES;
				CLANG_WARN_STRICT_PROTOTYPES = YES;
				CLANG_WARN_SUSPICIOUS_MOVE = YES;
				CLANG_WARN_UNGUARDED_AVAILABILITY = YES_AGGRESSIVE;
				CLANG_WARN_UNREACHABLE_CODE = YES;
				CLANG_WARN__DUPLICATE_METHOD_MATCH = YES;
				CODE_SIGN_IDENTITY = "iPhone Developer";
				COPY_PHASE_STRIP = NO;
				DEBUG_INFORMATION_FORMAT = dwarf;
				ENABLE_STRICT_OBJC_MSGSEND = YES;
				ENABLE_TESTABILITY = YES;
				GCC_C_LANGUAGE_STANDARD = gnu11;
				GCC_DYNAMIC_NO_PIC = NO;
				GCC_NO_COMMON_BLOCKS = YES;
				GCC_OPTIMIZATION_LEVEL = 0;
				GCC_PREPROCESSOR_DEFINITIONS = (
					"DEBUG=1",
					"$(inherited)",
				);
				GCC_WARN_64_TO_32_BIT_CONVERSION = YES;
				GCC_WARN_ABOUT_RETURN_TYPE = YES_ERROR;
				GCC_WARN_UNDECLARED_SELECTOR = YES;
				GCC_WARN_UNINITIALIZED_AUTOS = YES_AGGRESSIVE;
				GCC_WARN_UNUSED_FUNCTION = YES;
				GCC_WARN_UNUSED_VARIABLE = YES;
				IPHONEOS_DEPLOYMENT_TARGET = 12.0;
				MTL_ENABLE_DEBUG_INFO = INCLUDE_SOURCE;
				MTL_FAST_MATH = YES;
				ONLY_ACTIVE_ARCH = YES;
				SDKROOT = iphoneos;
				SWIFT_ACTIVE_COMPILATION_CONDITIONS = DEBUG;
				SWIFT_OPTIMIZATION_LEVEL = "-Onone";
			};
			name = Debug;
		};
		85FDE11A23B4D15700F1B10F /* Release */ = {
			isa = XCBuildConfiguration;
			buildSettings = {
				ALWAYS_SEARCH_USER_PATHS = NO;
				CLANG_ANALYZER_NONNULL = YES;
				CLANG_ANALYZER_NUMBER_OBJECT_CONVERSION = YES_AGGRESSIVE;
				CLANG_CXX_LANGUAGE_STANDARD = "gnu++14";
				CLANG_CXX_LIBRARY = "libc++";
				CLANG_ENABLE_MODULES = YES;
				CLANG_ENABLE_OBJC_ARC = YES;
				CLANG_ENABLE_OBJC_WEAK = YES;
				CLANG_WARN_BLOCK_CAPTURE_AUTORELEASING = YES;
				CLANG_WARN_BOOL_CONVERSION = YES;
				CLANG_WARN_COMMA = YES;
				CLANG_WARN_CONSTANT_CONVERSION = YES;
				CLANG_WARN_DEPRECATED_OBJC_IMPLEMENTATIONS = YES;
				CLANG_WARN_DIRECT_OBJC_ISA_USAGE = YES_ERROR;
				CLANG_WARN_DOCUMENTATION_COMMENTS = YES;
				CLANG_WARN_EMPTY_BODY = YES;
				CLANG_WARN_ENUM_CONVERSION = YES;
				CLANG_WARN_INFINITE_RECURSION = YES;
				CLANG_WARN_INT_CONVERSION = YES;
				CLANG_WARN_NON_LITERAL_NULL_CONVERSION = YES;
				CLANG_WARN_OBJC_IMPLICIT_RETAIN_SELF = YES;
				CLANG_WARN_OBJC_LITERAL_CONVERSION = YES;
				CLANG_WARN_OBJC_ROOT_CLASS = YES_ERROR;
				CLANG_WARN_RANGE_LOOP_ANALYSIS = YES;
				CLANG_WARN_STRICT_PROTOTYPES = YES;
				CLANG_WARN_SUSPICIOUS_MOVE = YES;
				CLANG_WARN_UNGUARDED_AVAILABILITY = YES_AGGRESSIVE;
				CLANG_WARN_UNREACHABLE_CODE = YES;
				CLANG_WARN__DUPLICATE_METHOD_MATCH = YES;
				CODE_SIGN_IDENTITY = "iPhone Developer";
				COPY_PHASE_STRIP = NO;
				DEBUG_INFORMATION_FORMAT = "dwarf-with-dsym";
				ENABLE_NS_ASSERTIONS = NO;
				ENABLE_STRICT_OBJC_MSGSEND = YES;
				GCC_C_LANGUAGE_STANDARD = gnu11;
				GCC_NO_COMMON_BLOCKS = YES;
				GCC_WARN_64_TO_32_BIT_CONVERSION = YES;
				GCC_WARN_ABOUT_RETURN_TYPE = YES_ERROR;
				GCC_WARN_UNDECLARED_SELECTOR = YES;
				GCC_WARN_UNINITIALIZED_AUTOS = YES_AGGRESSIVE;
				GCC_WARN_UNUSED_FUNCTION = YES;
				GCC_WARN_UNUSED_VARIABLE = YES;
				IPHONEOS_DEPLOYMENT_TARGET = 12.0;
				MTL_ENABLE_DEBUG_INFO = NO;
				MTL_FAST_MATH = YES;
				SDKROOT = iphoneos;
				SWIFT_COMPILATION_MODE = wholemodule;
				SWIFT_OPTIMIZATION_LEVEL = "-O";
				VALIDATE_PRODUCT = YES;
			};
			name = Release;
		};
		85FDE11C23B4D15700F1B10F /* Debug */ = {
			isa = XCBuildConfiguration;
			buildSettings = {
				ASSETCATALOG_COMPILER_APPICON_NAME = AppIcon;
				CODE_SIGN_STYLE = Automatic;
				INFOPLIST_FILE = kader.apps/Info.plist;
				LD_RUNPATH_SEARCH_PATHS = (
					"$(inherited)",
					"@executable_path/Frameworks",
				);
				PRODUCT_BUNDLE_IDENTIFIER = "login.kader-apps";
				PRODUCT_NAME = "$(TARGET_NAME)";
				SWIFT_VERSION = 4.2;
				TARGETED_DEVICE_FAMILY = "1,2";
			};
			name = Debug;
		};
		85FDE11D23B4D15700F1B10F /* Release */ = {
			isa = XCBuildConfiguration;
			buildSettings = {
				ASSETCATALOG_COMPILER_APPICON_NAME = AppIcon;
				CODE_SIGN_STYLE = Automatic;
				INFOPLIST_FILE = kader.apps/Info.plist;
				LD_RUNPATH_SEARCH_PATHS = (
					"$(inherited)",
					"@executable_path/Frameworks",
				);
				PRODUCT_BUNDLE_IDENTIFIER = "login.kader-apps";
				PRODUCT_NAME = "$(TARGET_NAME)";
				SWIFT_VERSION = 4.2;
				TARGETED_DEVICE_FAMILY = "1,2";
			};
			name = Release;
		};
		85FDE11F23B4D15700F1B10F /* Debug */ = {
			isa = XCBuildConfiguration;
			buildSettings = {
				ALWAYS_EMBED_SWIFT_STANDARD_LIBRARIES = YES;
				BUNDLE_LOADER = "$(TEST_HOST)";
				CODE_SIGN_STYLE = Automatic;
				INFOPLIST_FILE = kader.appsTests/Info.plist;
				LD_RUNPATH_SEARCH_PATHS = (
					"$(inherited)",
					"@executable_path/Frameworks",
					"@loader_path/Frameworks",
				);
				PRODUCT_BUNDLE_IDENTIFIER = "login.kader-appsTests";
				PRODUCT_NAME = "$(TARGET_NAME)";
				SWIFT_VERSION = 4.2;
				TARGETED_DEVICE_FAMILY = "1,2";
				TEST_HOST = "$(BUILT_PRODUCTS_DIR)/kader.apps.app/kader.apps";
			};
			name = Debug;
		};
		85FDE12023B4D15700F1B10F /* Release */ = {
			isa = XCBuildConfiguration;
			buildSettings = {
				ALWAYS_EMBED_SWIFT_STANDARD_LIBRARIES = YES;
				BUNDLE_LOADER = "$(TEST_HOST)";
				CODE_SIGN_STYLE = Automatic;
				INFOPLIST_FILE = kader.appsTests/Info.plist;
				LD_RUNPATH_SEARCH_PATHS = (
					"$(inherited)",
					"@executable_path/Frameworks",
					"@loader_path/Frameworks",
				);
				PRODUCT_BUNDLE_IDENTIFIER = "login.kader-appsTests";
				PRODUCT_NAME = "$(TARGET_NAME)";
				SWIFT_VERSION = 4.2;
				TARGETED_DEVICE_FAMILY = "1,2";
				TEST_HOST = "$(BUILT_PRODUCTS_DIR)/kader.apps.app/kader.apps";
			};
			name = Release;
		};
		85FDE12223B4D15700F1B10F /* Debug */ = {
			isa = XCBuildConfiguration;
			buildSettings = {
				ALWAYS_EMBED_SWIFT_STANDARD_LIBRARIES = YES;
				CODE_SIGN_STYLE = Automatic;
				INFOPLIST_FILE = kader.appsUITests/Info.plist;
				LD_RUNPATH_SEARCH_PATHS = (
					"$(inherited)",
					"@executable_path/Frameworks",
					"@loader_path/Frameworks",
				);
				PRODUCT_BUNDLE_IDENTIFIER = "login.kader-appsUITests";
				PRODUCT_NAME = "$(TARGET_NAME)";
				SWIFT_VERSION = 4.2;
				TARGETED_DEVICE_FAMILY = "1,2";
				TEST_TARGET_NAME = kader.apps;
			};
			name = Debug;
		};
		85FDE12323B4D15700F1B10F /* Release */ = {
			isa = XCBuildConfiguration;
			buildSettings = {
				ALWAYS_EMBED_SWIFT_STANDARD_LIBRARIES = YES;
				CODE_SIGN_STYLE = Automatic;
				INFOPLIST_FILE = kader.appsUITests/Info.plist;
				LD_RUNPATH_SEARCH_PATHS = (
					"$(inherited)",
					"@executable_path/Frameworks",
					"@loader_path/Frameworks",
				);
				PRODUCT_BUNDLE_IDENTIFIER = "login.kader-appsUITests";
				PRODUCT_NAME = "$(TARGET_NAME)";
				SWIFT_VERSION = 4.2;
				TARGETED_DEVICE_FAMILY = "1,2";
				TEST_TARGET_NAME = kader.apps;
			};
			name = Release;
		};
/* End XCBuildConfiguration section */

/* Begin XCConfigurationList section */
		85FDE0EB23B4D15200F1B10F /* Build configuration list for PBXProject "kader.apps" */ = {
			isa = XCConfigurationList;
			buildConfigurations = (
				85FDE11923B4D15700F1B10F /* Debug */,
				85FDE11A23B4D15700F1B10F /* Release */,
			);
			defaultConfigurationIsVisible = 0;
			defaultConfigurationName = Release;
		};
		85FDE11B23B4D15700F1B10F /* Build configuration list for PBXNativeTarget "kader.apps" */ = {
			isa = XCConfigurationList;
			buildConfigurations = (
				85FDE11C23B4D15700F1B10F /* Debug */,
				85FDE11D23B4D15700F1B10F /* Release */,
			);
			defaultConfigurationIsVisible = 0;
			defaultConfigurationName = Release;
		};
		85FDE11E23B4D15700F1B10F /* Build configuration list for PBXNativeTarget "kader.appsTests" */ = {
			isa = XCConfigurationList;
			buildConfigurations = (
				85FDE11F23B4D15700F1B10F /* Debug */,
				85FDE12023B4D15700F1B10F /* Release */,
			);
			defaultConfigurationIsVisible = 0;
			defaultConfigurationName = Release;
		};
		85FDE12123B4D15700F1B10F /* Build configuration list for PBXNativeTarget "kader.appsUITests" */ = {
			isa = XCConfigurationList;
			buildConfigurations = (
				85FDE12223B4D15700F1B10F /* Debug */,
				85FDE12323B4D15700F1B10F /* Release */,
			);
			defaultConfigurationIsVisible = 0;
			defaultConfigurationName = Release;
		};
/* End XCConfigurationList section */

/* Begin XCVersionGroup section */
		85FDE0FA23B4D15200F1B10F /* kader_apps.xcdatamodeld */ = {
			isa = XCVersionGroup;
			children = (
				85FDE0FB23B4D15200F1B10F /* kader_apps.xcdatamodel */,
			);
			currentVersion = 85FDE0FB23B4D15200F1B10F /* kader_apps.xcdatamodel */;
			path = kader_apps.xcdatamodeld;
			sourceTree = "<group>";
			versionGroupType = wrapper.xcdatamodel;
		};
/* End XCVersionGroup section */
	};
	rootObject = 85FDE0E823B4D15200F1B10F /* Project object */;
}
