// !$*UTF8*$!
{
	archiveVersion = 1;
	classes = {
	};
	objectVersion = 50;
	objects = {

/* Begin PBXBuildFile section */
		8568E8DE23BC9F5600375537 /* AppDelegate.swift in Sources */ = {isa = PBXBuildFile; fileRef = 8568E8DD23BC9F5600375537 /* AppDelegate.swift */; };
		8568E8E323BC9F5600375537 /* Main.storyboard in Resources */ = {isa = PBXBuildFile; fileRef = 8568E8E123BC9F5600375537 /* Main.storyboard */; };
		8568E8E623BC9F5600375537 /* tableView.xcdatamodeld in Sources */ = {isa = PBXBuildFile; fileRef = 8568E8E423BC9F5600375537 /* tableView.xcdatamodeld */; };
		8568E8E823BC9F5800375537 /* Assets.xcassets in Resources */ = {isa = PBXBuildFile; fileRef = 8568E8E723BC9F5800375537 /* Assets.xcassets */; };
		8568E8EB23BC9F5800375537 /* LaunchScreen.storyboard in Resources */ = {isa = PBXBuildFile; fileRef = 8568E8E923BC9F5800375537 /* LaunchScreen.storyboard */; };
		8568E8F623BC9F5800375537 /* tableViewTests.swift in Sources */ = {isa = PBXBuildFile; fileRef = 8568E8F523BC9F5800375537 /* tableViewTests.swift */; };
		8568E90123BC9F5800375537 /* tableViewUITests.swift in Sources */ = {isa = PBXBuildFile; fileRef = 8568E90023BC9F5800375537 /* tableViewUITests.swift */; };
		8568E90F23BC9FB800375537 /* VideoListViewController.swift in Sources */ = {isa = PBXBuildFile; fileRef = 8568E90E23BC9FB800375537 /* VideoListViewController.swift */; };
		8568E91123BCAD8800375537 /* VideoCell.swift in Sources */ = {isa = PBXBuildFile; fileRef = 8568E91023BCAD8800375537 /* VideoCell.swift */; };
		8568E91323BCAF9100375537 /* Video.swift in Sources */ = {isa = PBXBuildFile; fileRef = 8568E91223BCAF9100375537 /* Video.swift */; };
/* End PBXBuildFile section */

/* Begin PBXContainerItemProxy section */
		8568E8F223BC9F5800375537 /* PBXContainerItemProxy */ = {
			isa = PBXContainerItemProxy;
			containerPortal = 8568E8D223BC9F5600375537 /* Project object */;
			proxyType = 1;
			remoteGlobalIDString = 8568E8D923BC9F5600375537;
			remoteInfo = tableView;
		};
		8568E8FD23BC9F5800375537 /* PBXContainerItemProxy */ = {
			isa = PBXContainerItemProxy;
			containerPortal = 8568E8D223BC9F5600375537 /* Project object */;
			proxyType = 1;
			remoteGlobalIDString = 8568E8D923BC9F5600375537;
			remoteInfo = tableView;
		};
/* End PBXContainerItemProxy section */

/* Begin PBXFileReference section */
		8568E8DA23BC9F5600375537 /* tableView.app */ = {isa = PBXFileReference; explicitFileType = wrapper.application; includeInIndex = 0; path = tableView.app; sourceTree = BUILT_PRODUCTS_DIR; };
		8568E8DD23BC9F5600375537 /* AppDelegate.swift */ = {isa = PBXFileReference; lastKnownFileType = sourcecode.swift; path = AppDelegate.swift; sourceTree = "<group>"; };
		8568E8E223BC9F5600375537 /* Base */ = {isa = PBXFileReference; lastKnownFileType = file.storyboard; name = Base; path = Base.lproj/Main.storyboard; sourceTree = "<group>"; };
		8568E8E523BC9F5600375537 /* tableView.xcdatamodel */ = {isa = PBXFileReference; lastKnownFileType = wrapper.xcdatamodel; path = tableView.xcdatamodel; sourceTree = "<group>"; };
		8568E8E723BC9F5800375537 /* Assets.xcassets */ = {isa = PBXFileReference; lastKnownFileType = folder.assetcatalog; path = Assets.xcassets; sourceTree = "<group>"; };
		8568E8EA23BC9F5800375537 /* Base */ = {isa = PBXFileReference; lastKnownFileType = file.storyboard; name = Base; path = Base.lproj/LaunchScreen.storyboard; sourceTree = "<group>"; };
		8568E8EC23BC9F5800375537 /* Info.plist */ = {isa = PBXFileReference; lastKnownFileType = text.plist.xml; path = Info.plist; sourceTree = "<group>"; };
		8568E8F123BC9F5800375537 /* tableViewTests.xctest */ = {isa = PBXFileReference; explicitFileType = wrapper.cfbundle; includeInIndex = 0; path = tableViewTests.xctest; sourceTree = BUILT_PRODUCTS_DIR; };
		8568E8F523BC9F5800375537 /* tableViewTests.swift */ = {isa = PBXFileReference; lastKnownFileType = sourcecode.swift; path = tableViewTests.swift; sourceTree = "<group>"; };
		8568E8F723BC9F5800375537 /* Info.plist */ = {isa = PBXFileReference; lastKnownFileType = text.plist.xml; path = Info.plist; sourceTree = "<group>"; };
		8568E8FC23BC9F5800375537 /* tableViewUITests.xctest */ = {isa = PBXFileReference; explicitFileType = wrapper.cfbundle; includeInIndex = 0; path = tableViewUITests.xctest; sourceTree = BUILT_PRODUCTS_DIR; };
		8568E90023BC9F5800375537 /* tableViewUITests.swift */ = {isa = PBXFileReference; lastKnownFileType = sourcecode.swift; path = tableViewUITests.swift; sourceTree = "<group>"; };
		8568E90223BC9F5800375537 /* Info.plist */ = {isa = PBXFileReference; lastKnownFileType = text.plist.xml; path = Info.plist; sourceTree = "<group>"; };
		8568E90E23BC9FB800375537 /* VideoListViewController.swift */ = {isa = PBXFileReference; lastKnownFileType = sourcecode.swift; path = VideoListViewController.swift; sourceTree = "<group>"; };
		8568E91023BCAD8800375537 /* VideoCell.swift */ = {isa = PBXFileReference; lastKnownFileType = sourcecode.swift; path = VideoCell.swift; sourceTree = "<group>"; };
		8568E91223BCAF9100375537 /* Video.swift */ = {isa = PBXFileReference; lastKnownFileType = sourcecode.swift; path = Video.swift; sourceTree = "<group>"; };
/* End PBXFileReference section */

/* Begin PBXFrameworksBuildPhase section */
		8568E8D723BC9F5600375537 /* Frameworks */ = {
			isa = PBXFrameworksBuildPhase;
			buildActionMask = 2147483647;
			files = (
			);
			runOnlyForDeploymentPostprocessing = 0;
		};
		8568E8EE23BC9F5800375537 /* Frameworks */ = {
			isa = PBXFrameworksBuildPhase;
			buildActionMask = 2147483647;
			files = (
			);
			runOnlyForDeploymentPostprocessing = 0;
		};
		8568E8F923BC9F5800375537 /* Frameworks */ = {
			isa = PBXFrameworksBuildPhase;
			buildActionMask = 2147483647;
			files = (
			);
			runOnlyForDeploymentPostprocessing = 0;
		};
/* End PBXFrameworksBuildPhase section */

/* Begin PBXGroup section */
		8568E8D123BC9F5600375537 = {
			isa = PBXGroup;
			children = (
				8568E8DC23BC9F5600375537 /* tableView */,
				8568E8F423BC9F5800375537 /* tableViewTests */,
				8568E8FF23BC9F5800375537 /* tableViewUITests */,
				8568E8DB23BC9F5600375537 /* Products */,
			);
			sourceTree = "<group>";
		};
		8568E8DB23BC9F5600375537 /* Products */ = {
			isa = PBXGroup;
			children = (
				8568E8DA23BC9F5600375537 /* tableView.app */,
				8568E8F123BC9F5800375537 /* tableViewTests.xctest */,
				8568E8FC23BC9F5800375537 /* tableViewUITests.xctest */,
			);
			name = Products;
			sourceTree = "<group>";
		};
		8568E8DC23BC9F5600375537 /* tableView */ = {
			isa = PBXGroup;
			children = (
				8568E8DD23BC9F5600375537 /* AppDelegate.swift */,
				8568E90E23BC9FB800375537 /* VideoListViewController.swift */,
				8568E91023BCAD8800375537 /* VideoCell.swift */,
				8568E91223BCAF9100375537 /* Video.swift */,
				8568E8E123BC9F5600375537 /* Main.storyboard */,
				8568E8E723BC9F5800375537 /* Assets.xcassets */,
				8568E8E923BC9F5800375537 /* LaunchScreen.storyboard */,
				8568E8EC23BC9F5800375537 /* Info.plist */,
				8568E8E423BC9F5600375537 /* tableView.xcdatamodeld */,
			);
			path = tableView;
			sourceTree = "<group>";
		};
		8568E8F423BC9F5800375537 /* tableViewTests */ = {
			isa = PBXGroup;
			children = (
				8568E8F523BC9F5800375537 /* tableViewTests.swift */,
				8568E8F723BC9F5800375537 /* Info.plist */,
			);
			path = tableViewTests;
			sourceTree = "<group>";
		};
		8568E8FF23BC9F5800375537 /* tableViewUITests */ = {
			isa = PBXGroup;
			children = (
				8568E90023BC9F5800375537 /* tableViewUITests.swift */,
				8568E90223BC9F5800375537 /* Info.plist */,
			);
			path = tableViewUITests;
			sourceTree = "<group>";
		};
/* End PBXGroup section */

/* Begin PBXNativeTarget section */
		8568E8D923BC9F5600375537 /* tableView */ = {
			isa = PBXNativeTarget;
			buildConfigurationList = 8568E90523BC9F5800375537 /* Build configuration list for PBXNativeTarget "tableView" */;
			buildPhases = (
				8568E8D623BC9F5600375537 /* Sources */,
				8568E8D723BC9F5600375537 /* Frameworks */,
				8568E8D823BC9F5600375537 /* Resources */,
			);
			buildRules = (
			);
			dependencies = (
			);
			name = tableView;
			productName = tableView;
			productReference = 8568E8DA23BC9F5600375537 /* tableView.app */;
			productType = "com.apple.product-type.application";
		};
		8568E8F023BC9F5800375537 /* tableViewTests */ = {
			isa = PBXNativeTarget;
			buildConfigurationList = 8568E90823BC9F5800375537 /* Build configuration list for PBXNativeTarget "tableViewTests" */;
			buildPhases = (
				8568E8ED23BC9F5800375537 /* Sources */,
				8568E8EE23BC9F5800375537 /* Frameworks */,
				8568E8EF23BC9F5800375537 /* Resources */,
			);
			buildRules = (
			);
			dependencies = (
				8568E8F323BC9F5800375537 /* PBXTargetDependency */,
			);
			name = tableViewTests;
			productName = tableViewTests;
			productReference = 8568E8F123BC9F5800375537 /* tableViewTests.xctest */;
			productType = "com.apple.product-type.bundle.unit-test";
		};
		8568E8FB23BC9F5800375537 /* tableViewUITests */ = {
			isa = PBXNativeTarget;
			buildConfigurationList = 8568E90B23BC9F5800375537 /* Build configuration list for PBXNativeTarget "tableViewUITests" */;
			buildPhases = (
				8568E8F823BC9F5800375537 /* Sources */,
				8568E8F923BC9F5800375537 /* Frameworks */,
				8568E8FA23BC9F5800375537 /* Resources */,
			);
			buildRules = (
			);
			dependencies = (
				8568E8FE23BC9F5800375537 /* PBXTargetDependency */,
			);
			name = tableViewUITests;
			productName = tableViewUITests;
			productReference = 8568E8FC23BC9F5800375537 /* tableViewUITests.xctest */;
			productType = "com.apple.product-type.bundle.ui-testing";
		};
/* End PBXNativeTarget section */

/* Begin PBXProject section */
		8568E8D223BC9F5600375537 /* Project object */ = {
			isa = PBXProject;
			attributes = {
				LastSwiftUpdateCheck = 1000;
				LastUpgradeCheck = 1000;
				ORGANIZATIONNAME = MirZobayer;
				TargetAttributes = {
					8568E8D923BC9F5600375537 = {
						CreatedOnToolsVersion = 10.0;
					};
					8568E8F023BC9F5800375537 = {
						CreatedOnToolsVersion = 10.0;
						TestTargetID = 8568E8D923BC9F5600375537;
					};
					8568E8FB23BC9F5800375537 = {
						CreatedOnToolsVersion = 10.0;
						TestTargetID = 8568E8D923BC9F5600375537;
					};
				};
			};
			buildConfigurationList = 8568E8D523BC9F5600375537 /* Build configuration list for PBXProject "tableView" */;
			compatibilityVersion = "Xcode 9.3";
			developmentRegion = en;
			hasScannedForEncodings = 0;
			knownRegions = (
				en,
				Base,
			);
			mainGroup = 8568E8D123BC9F5600375537;
			productRefGroup = 8568E8DB23BC9F5600375537 /* Products */;
			projectDirPath = "";
			projectRoot = "";
			targets = (
				8568E8D923BC9F5600375537 /* tableView */,
				8568E8F023BC9F5800375537 /* tableViewTests */,
				8568E8FB23BC9F5800375537 /* tableViewUITests */,
			);
		};
/* End PBXProject section */

/* Begin PBXResourcesBuildPhase section */
		8568E8D823BC9F5600375537 /* Resources */ = {
			isa = PBXResourcesBuildPhase;
			buildActionMask = 2147483647;
			files = (
				8568E8EB23BC9F5800375537 /* LaunchScreen.storyboard in Resources */,
				8568E8E823BC9F5800375537 /* Assets.xcassets in Resources */,
				8568E8E323BC9F5600375537 /* Main.storyboard in Resources */,
			);
			runOnlyForDeploymentPostprocessing = 0;
		};
		8568E8EF23BC9F5800375537 /* Resources */ = {
			isa = PBXResourcesBuildPhase;
			buildActionMask = 2147483647;
			files = (
			);
			runOnlyForDeploymentPostprocessing = 0;
		};
		8568E8FA23BC9F5800375537 /* Resources */ = {
			isa = PBXResourcesBuildPhase;
			buildActionMask = 2147483647;
			files = (
			);
			runOnlyForDeploymentPostprocessing = 0;
		};
/* End PBXResourcesBuildPhase section */

/* Begin PBXSourcesBuildPhase section */
		8568E8D623BC9F5600375537 /* Sources */ = {
			isa = PBXSourcesBuildPhase;
			buildActionMask = 2147483647;
			files = (
				8568E90F23BC9FB800375537 /* VideoListViewController.swift in Sources */,
				8568E91123BCAD8800375537 /* VideoCell.swift in Sources */,
				8568E8DE23BC9F5600375537 /* AppDelegate.swift in Sources */,
				8568E8E623BC9F5600375537 /* tableView.xcdatamodeld in Sources */,
				8568E91323BCAF9100375537 /* Video.swift in Sources */,
			);
			runOnlyForDeploymentPostprocessing = 0;
		};
		8568E8ED23BC9F5800375537 /* Sources */ = {
			isa = PBXSourcesBuildPhase;
			buildActionMask = 2147483647;
			files = (
				8568E8F623BC9F5800375537 /* tableViewTests.swift in Sources */,
			);
			runOnlyForDeploymentPostprocessing = 0;
		};
		8568E8F823BC9F5800375537 /* Sources */ = {
			isa = PBXSourcesBuildPhase;
			buildActionMask = 2147483647;
			files = (
				8568E90123BC9F5800375537 /* tableViewUITests.swift in Sources */,
			);
			runOnlyForDeploymentPostprocessing = 0;
		};
/* End PBXSourcesBuildPhase section */

/* Begin PBXTargetDependency section */
		8568E8F323BC9F5800375537 /* PBXTargetDependency */ = {
			isa = PBXTargetDependency;
			target = 8568E8D923BC9F5600375537 /* tableView */;
			targetProxy = 8568E8F223BC9F5800375537 /* PBXContainerItemProxy */;
		};
		8568E8FE23BC9F5800375537 /* PBXTargetDependency */ = {
			isa = PBXTargetDependency;
			target = 8568E8D923BC9F5600375537 /* tableView */;
			targetProxy = 8568E8FD23BC9F5800375537 /* PBXContainerItemProxy */;
		};
/* End PBXTargetDependency section */

/* Begin PBXVariantGroup section */
		8568E8E123BC9F5600375537 /* Main.storyboard */ = {
			isa = PBXVariantGroup;
			children = (
				8568E8E223BC9F5600375537 /* Base */,
			);
			name = Main.storyboard;
			sourceTree = "<group>";
		};
		8568E8E923BC9F5800375537 /* LaunchScreen.storyboard */ = {
			isa = PBXVariantGroup;
			children = (
				8568E8EA23BC9F5800375537 /* Base */,
			);
			name = LaunchScreen.storyboard;
			sourceTree = "<group>";
		};
/* End PBXVariantGroup section */

/* Begin XCBuildConfiguration section */
		8568E90323BC9F5800375537 /* Debug */ = {
			isa = XCBuildConfiguration;
			buildSettings = {
				ALWAYS_SEARCH_USER_PATHS = NO;
				CLANG_ANALYZER_NONNULL = YES;
				CLANG_ANALYZER_NUMBER_OBJECT_CONVERSION = YES_AGGRESSIVE;
				CLANG_CXX_LANGUAGE_STANDARD = "gnu++14";
				CLANG_CXX_LIBRARY = "libc++";
				CLANG_ENABLE_MODULES = YES;
				CLANG_ENABLE_OBJC_ARC = YES;
				CLANG_ENABLE_OBJC_WEAK = YES;
				CLANG_WARN_BLOCK_CAPTURE_AUTORELEASING = YES;
				CLANG_WARN_BOOL_CONVERSION = YES;
				CLANG_WARN_COMMA = YES;
				CLANG_WARN_CONSTANT_CONVERSION = YES;
				CLANG_WARN_DEPRECATED_OBJC_IMPLEMENTATIONS = YES;
				CLANG_WARN_DIRECT_OBJC_ISA_USAGE = YES_ERROR;
				CLANG_WARN_DOCUMENTATION_COMMENTS = YES;
				CLANG_WARN_EMPTY_BODY = YES;
				CLANG_WARN_ENUM_CONVERSION = YES;
				CLANG_WARN_INFINITE_RECURSION = YES;
				CLANG_WARN_INT_CONVERSION = YES;
				CLANG_WARN_NON_LITERAL_NULL_CONVERSION = YES;
				CLANG_WARN_OBJC_IMPLICIT_RETAIN_SELF = YES;
				CLANG_WARN_OBJC_LITERAL_CONVERSION = YES;
				CLANG_WARN_OBJC_ROOT_CLASS = YES_ERROR;
				CLANG_WARN_RANGE_LOOP_ANALYSIS = YES;
				CLANG_WARN_STRICT_PROTOTYPES = YES;
				CLANG_WARN_SUSPICIOUS_MOVE = YES;
				CLANG_WARN_UNGUARDED_AVAILABILITY = YES_AGGRESSIVE;
				CLANG_WARN_UNREACHABLE_CODE = YES;
				CLANG_WARN__DUPLICATE_METHOD_MATCH = YES;
				CODE_SIGN_IDENTITY = "iPhone Developer";
				COPY_PHASE_STRIP = NO;
				DEBUG_INFORMATION_FORMAT = dwarf;
				ENABLE_STRICT_OBJC_MSGSEND = YES;
				ENABLE_TESTABILITY = YES;
				GCC_C_LANGUAGE_STANDARD = gnu11;
				GCC_DYNAMIC_NO_PIC = NO;
				GCC_NO_COMMON_BLOCKS = YES;
				GCC_OPTIMIZATION_LEVEL = 0;
				GCC_PREPROCESSOR_DEFINITIONS = (
					"DEBUG=1",
					"$(inherited)",
				);
				GCC_WARN_64_TO_32_BIT_CONVERSION = YES;
				GCC_WARN_ABOUT_RETURN_TYPE = YES_ERROR;
				GCC_WARN_UNDECLARED_SELECTOR = YES;
				GCC_WARN_UNINITIALIZED_AUTOS = YES_AGGRESSIVE;
				GCC_WARN_UNUSED_FUNCTION = YES;
				GCC_WARN_UNUSED_VARIABLE = YES;
				IPHONEOS_DEPLOYMENT_TARGET = 12.0;
				MTL_ENABLE_DEBUG_INFO = INCLUDE_SOURCE;
				MTL_FAST_MATH = YES;
				ONLY_ACTIVE_ARCH = YES;
				SDKROOT = iphoneos;
				SWIFT_ACTIVE_COMPILATION_CONDITIONS = DEBUG;
				SWIFT_OPTIMIZATION_LEVEL = "-Onone";
			};
			name = Debug;
		};
		8568E90423BC9F5800375537 /* Release */ = {
			isa = XCBuildConfiguration;
			buildSettings = {
				ALWAYS_SEARCH_USER_PATHS = NO;
				CLANG_ANALYZER_NONNULL = YES;
				CLANG_ANALYZER_NUMBER_OBJECT_CONVERSION = YES_AGGRESSIVE;
				CLANG_CXX_LANGUAGE_STANDARD = "gnu++14";
				CLANG_CXX_LIBRARY = "libc++";
				CLANG_ENABLE_MODULES = YES;
				CLANG_ENABLE_OBJC_ARC = YES;
				CLANG_ENABLE_OBJC_WEAK = YES;
				CLANG_WARN_BLOCK_CAPTURE_AUTORELEASING = YES;
				CLANG_WARN_BOOL_CONVERSION = YES;
				CLANG_WARN_COMMA = YES;
				CLANG_WARN_CONSTANT_CONVERSION = YES;
				CLANG_WARN_DEPRECATED_OBJC_IMPLEMENTATIONS = YES;
				CLANG_WARN_DIRECT_OBJC_ISA_USAGE = YES_ERROR;
				CLANG_WARN_DOCUMENTATION_COMMENTS = YES;
				CLANG_WARN_EMPTY_BODY = YES;
				CLANG_WARN_ENUM_CONVERSION = YES;
				CLANG_WARN_INFINITE_RECURSION = YES;
				CLANG_WARN_INT_CONVERSION = YES;
				CLANG_WARN_NON_LITERAL_NULL_CONVERSION = YES;
				CLANG_WARN_OBJC_IMPLICIT_RETAIN_SELF = YES;
				CLANG_WARN_OBJC_LITERAL_CONVERSION = YES;
				CLANG_WARN_OBJC_ROOT_CLASS = YES_ERROR;
				CLANG_WARN_RANGE_LOOP_ANALYSIS = YES;
				CLANG_WARN_STRICT_PROTOTYPES = YES;
				CLANG_WARN_SUSPICIOUS_MOVE = YES;
				CLANG_WARN_UNGUARDED_AVAILABILITY = YES_AGGRESSIVE;
				CLANG_WARN_UNREACHABLE_CODE = YES;
				CLANG_WARN__DUPLICATE_METHOD_MATCH = YES;
				CODE_SIGN_IDENTITY = "iPhone Developer";
				COPY_PHASE_STRIP = NO;
				DEBUG_INFORMATION_FORMAT = "dwarf-with-dsym";
				ENABLE_NS_ASSERTIONS = NO;
				ENABLE_STRICT_OBJC_MSGSEND = YES;
				GCC_C_LANGUAGE_STANDARD = gnu11;
				GCC_NO_COMMON_BLOCKS = YES;
				GCC_WARN_64_TO_32_BIT_CONVERSION = YES;
				GCC_WARN_ABOUT_RETURN_TYPE = YES_ERROR;
				GCC_WARN_UNDECLARED_SELECTOR = YES;
				GCC_WARN_UNINITIALIZED_AUTOS = YES_AGGRESSIVE;
				GCC_WARN_UNUSED_FUNCTION = YES;
				GCC_WARN_UNUSED_VARIABLE = YES;
				IPHONEOS_DEPLOYMENT_TARGET = 12.0;
				MTL_ENABLE_DEBUG_INFO = NO;
				MTL_FAST_MATH = YES;
				SDKROOT = iphoneos;
				SWIFT_COMPILATION_MODE = wholemodule;
				SWIFT_OPTIMIZATION_LEVEL = "-O";
				VALIDATE_PRODUCT = YES;
			};
			name = Release;
		};
		8568E90623BC9F5800375537 /* Debug */ = {
			isa = XCBuildConfiguration;
			buildSettings = {
				ASSETCATALOG_COMPILER_APPICON_NAME = AppIcon;
				CODE_SIGN_STYLE = Automatic;
				INFOPLIST_FILE = tableView/Info.plist;
				LD_RUNPATH_SEARCH_PATHS = (
					"$(inherited)",
					"@executable_path/Frameworks",
				);
				PRODUCT_BUNDLE_IDENTIFIER = login.tableView;
				PRODUCT_NAME = "$(TARGET_NAME)";
				SWIFT_VERSION = 4.2;
				TARGETED_DEVICE_FAMILY = "1,2";
			};
			name = Debug;
		};
		8568E90723BC9F5800375537 /* Release */ = {
			isa = XCBuildConfiguration;
			buildSettings = {
				ASSETCATALOG_COMPILER_APPICON_NAME = AppIcon;
				CODE_SIGN_STYLE = Automatic;
				INFOPLIST_FILE = tableView/Info.plist;
				LD_RUNPATH_SEARCH_PATHS = (
					"$(inherited)",
					"@executable_path/Frameworks",
				);
				PRODUCT_BUNDLE_IDENTIFIER = login.tableView;
				PRODUCT_NAME = "$(TARGET_NAME)";
				SWIFT_VERSION = 4.2;
				TARGETED_DEVICE_FAMILY = "1,2";
			};
			name = Release;
		};
		8568E90923BC9F5800375537 /* Debug */ = {
			isa = XCBuildConfiguration;
			buildSettings = {
				ALWAYS_EMBED_SWIFT_STANDARD_LIBRARIES = YES;
				BUNDLE_LOADER = "$(TEST_HOST)";
				CODE_SIGN_STYLE = Automatic;
				INFOPLIST_FILE = tableViewTests/Info.plist;
				LD_RUNPATH_SEARCH_PATHS = (
					"$(inherited)",
					"@executable_path/Frameworks",
					"@loader_path/Frameworks",
				);
				PRODUCT_BUNDLE_IDENTIFIER = login.tableViewTests;
				PRODUCT_NAME = "$(TARGET_NAME)";
				SWIFT_VERSION = 4.2;
				TARGETED_DEVICE_FAMILY = "1,2";
				TEST_HOST = "$(BUILT_PRODUCTS_DIR)/tableView.app/tableView";
			};
			name = Debug;
		};
		8568E90A23BC9F5800375537 /* Release */ = {
			isa = XCBuildConfiguration;
			buildSettings = {
				ALWAYS_EMBED_SWIFT_STANDARD_LIBRARIES = YES;
				BUNDLE_LOADER = "$(TEST_HOST)";
				CODE_SIGN_STYLE = Automatic;
				INFOPLIST_FILE = tableViewTests/Info.plist;
				LD_RUNPATH_SEARCH_PATHS = (
					"$(inherited)",
					"@executable_path/Frameworks",
					"@loader_path/Frameworks",
				);
				PRODUCT_BUNDLE_IDENTIFIER = login.tableViewTests;
				PRODUCT_NAME = "$(TARGET_NAME)";
				SWIFT_VERSION = 4.2;
				TARGETED_DEVICE_FAMILY = "1,2";
				TEST_HOST = "$(BUILT_PRODUCTS_DIR)/tableView.app/tableView";
			};
			name = Release;
		};
		8568E90C23BC9F5800375537 /* Debug */ = {
			isa = XCBuildConfiguration;
			buildSettings = {
				ALWAYS_EMBED_SWIFT_STANDARD_LIBRARIES = YES;
				CODE_SIGN_STYLE = Automatic;
				INFOPLIST_FILE = tableViewUITests/Info.plist;
				LD_RUNPATH_SEARCH_PATHS = (
					"$(inherited)",
					"@executable_path/Frameworks",
					"@loader_path/Frameworks",
				);
				PRODUCT_BUNDLE_IDENTIFIER = login.tableViewUITests;
				PRODUCT_NAME = "$(TARGET_NAME)";
				SWIFT_VERSION = 4.2;
				TARGETED_DEVICE_FAMILY = "1,2";
				TEST_TARGET_NAME = tableView;
			};
			name = Debug;
		};
		8568E90D23BC9F5800375537 /* Release */ = {
			isa = XCBuildConfiguration;
			buildSettings = {
				ALWAYS_EMBED_SWIFT_STANDARD_LIBRARIES = YES;
				CODE_SIGN_STYLE = Automatic;
				INFOPLIST_FILE = tableViewUITests/Info.plist;
				LD_RUNPATH_SEARCH_PATHS = (
					"$(inherited)",
					"@executable_path/Frameworks",
					"@loader_path/Frameworks",
				);
				PRODUCT_BUNDLE_IDENTIFIER = login.tableViewUITests;
				PRODUCT_NAME = "$(TARGET_NAME)";
				SWIFT_VERSION = 4.2;
				TARGETED_DEVICE_FAMILY = "1,2";
				TEST_TARGET_NAME = tableView;
			};
			name = Release;
		};
/* End XCBuildConfiguration section */

/* Begin XCConfigurationList section */
		8568E8D523BC9F5600375537 /* Build configuration list for PBXProject "tableView" */ = {
			isa = XCConfigurationList;
			buildConfigurations = (
				8568E90323BC9F5800375537 /* Debug */,
				8568E90423BC9F5800375537 /* Release */,
			);
			defaultConfigurationIsVisible = 0;
			defaultConfigurationName = Release;
		};
		8568E90523BC9F5800375537 /* Build configuration list for PBXNativeTarget "tableView" */ = {
			isa = XCConfigurationList;
			buildConfigurations = (
				8568E90623BC9F5800375537 /* Debug */,
				8568E90723BC9F5800375537 /* Release */,
			);
			defaultConfigurationIsVisible = 0;
			defaultConfigurationName = Release;
		};
		8568E90823BC9F5800375537 /* Build configuration list for PBXNativeTarget "tableViewTests" */ = {
			isa = XCConfigurationList;
			buildConfigurations = (
				8568E90923BC9F5800375537 /* Debug */,
				8568E90A23BC9F5800375537 /* Release */,
			);
			defaultConfigurationIsVisible = 0;
			defaultConfigurationName = Release;
		};
		8568E90B23BC9F5800375537 /* Build configuration list for PBXNativeTarget "tableViewUITests" */ = {
			isa = XCConfigurationList;
			buildConfigurations = (
				8568E90C23BC9F5800375537 /* Debug */,
				8568E90D23BC9F5800375537 /* Release */,
			);
			defaultConfigurationIsVisible = 0;
			defaultConfigurationName = Release;
		};
/* End XCConfigurationList section */

/* Begin XCVersionGroup section */
		8568E8E423BC9F5600375537 /* tableView.xcdatamodeld */ = {
			isa = XCVersionGroup;
			children = (
				8568E8E523BC9F5600375537 /* tableView.xcdatamodel */,
			);
			currentVersion = 8568E8E523BC9F5600375537 /* tableView.xcdatamodel */;
			path = tableView.xcdatamodeld;
			sourceTree = "<group>";
			versionGroupType = wrapper.xcdatamodel;
		};
/* End XCVersionGroup section */
	};
	rootObject = 8568E8D223BC9F5600375537 /* Project object */;
}
